<?xml version="1.0" encoding="utf-8"?>
<Project ToolsVersion="4.0" xmlns="http://schemas.microsoft.com/developer/msbuild/2003">
  <ItemGroup>
    <Filter Include="Fichiers sources">
      <UniqueIdentifier>{4FC737F1-C7A5-4376-A066-2A32D752A2FF}</UniqueIdentifier>
      <Extensions>cpp;c;cc;cxx;c++;cppm;ixx;def;odl;idl;hpj;bat;asm;asmx</Extensions>
    </Filter>
    <Filter Include="Fichiers d%27en-tête">
      <UniqueIdentifier>{93995380-89BD-4b04-88EB-625FBE52EBFB}</UniqueIdentifier>
      <Extensions>h;hh;hpp;hxx;h++;hm;inl;inc;ipp;xsd</Extensions>
    </Filter>
    <Filter Include="Fichiers de ressources">
      <UniqueIdentifier>{67DA6AB6-F800-4c08-8B7A-83BB121AAD01}</UniqueIdentifier>
      <Extensions>rc;ico;cur;bmp;dlg;rc2;rct;bin;rgs;gif;jpg;jpeg;jpe;resx;tiff;tif;png;wav;mfcribbon-ms</Extensions>
    </Filter>
    <Filter Include="Fichiers sources\Engine">
      <UniqueIdentifier>{81b5b055-01ec-45e8-9634-0935bc839d6b}</UniqueIdentifier>
    </Filter>
    <Filter Include="Fichiers d%27en-tête\Engine">
      <UniqueIdentifier>{b0d5400d-6eeb-49b8-a4da-dbe18b5ab028}</UniqueIdentifier>
    </Filter>
    <Filter Include="Fichiers d%27en-tête\Engine\Actor">
      <UniqueIdentifier>{e2975e60-7033-4974-8b5d-282c10625a7f}</UniqueIdentifier>
    </Filter>
    <Filter Include="Fichiers sources\Engine\Actor">
      <UniqueIdentifier>{64f22048-96de-4a79-a827-7322b3bb8245}</UniqueIdentifier>
    </Filter>
    <Filter Include="Fichiers sources\Engine\SceneManager">
      <UniqueIdentifier>{4d755d66-9fa1-41ef-a0ed-e0a650840c6e}</UniqueIdentifier>
    </Filter>
    <Filter Include="Fichiers d%27en-tête\Engine\SceneManager">
      <UniqueIdentifier>{753d9a37-76b0-481f-ad8e-d07dc6078aa2}</UniqueIdentifier>
    </Filter>
    <Filter Include="Fichiers sources\Engine\SceneManager\Engine">
      <UniqueIdentifier>{71763236-7e68-4f1b-b109-e19798360d4c}</UniqueIdentifier>
    </Filter>
    <Filter Include="Fichiers sources\Engine\SceneManager\Level">
      <UniqueIdentifier>{a7a11d32-87d7-43b7-96d0-74ede217e762}</UniqueIdentifier>
    </Filter>
    <Filter Include="Fichiers d%27en-tête\Engine\SceneManager\Engine">
      <UniqueIdentifier>{c7f00924-5291-41a5-b0e0-8fe97812bdb7}</UniqueIdentifier>
    </Filter>
    <Filter Include="Fichiers d%27en-tête\Engine\SceneManager\Level">
      <UniqueIdentifier>{bbbe8504-e754-41e7-80f1-ae31b9003cdd}</UniqueIdentifier>
    </Filter>
    <Filter Include="Fichiers sources\Engine\LevelEditor">
      <UniqueIdentifier>{c3f92bc9-1db5-447c-9da6-4662c88a0e3e}</UniqueIdentifier>
    </Filter>
    <Filter Include="Fichiers d%27en-tête\Engine\LevelEditor">
      <UniqueIdentifier>{4fae6eab-55a5-4cc7-b3d1-99c50725d18a}</UniqueIdentifier>
    </Filter>
    <Filter Include="Fichiers sources\Game">
      <UniqueIdentifier>{e867350e-0660-404a-994a-cf616ca5e872}</UniqueIdentifier>
    </Filter>
    <Filter Include="Fichiers d%27en-tête\Game">
      <UniqueIdentifier>{d02b9630-0e15-4c19-bdef-a0f05a3580f8}</UniqueIdentifier>
    </Filter>
  </ItemGroup>
  <ItemGroup>
    <ClCompile Include="main.cpp">
      <Filter>Fichiers sources</Filter>
    </ClCompile>
    <ClCompile Include="Camera.cpp">
      <Filter>Fichiers sources\Engine\Actor</Filter>
    </ClCompile>
    <ClCompile Include="Collider.cpp">
      <Filter>Fichiers sources\Engine\Actor</Filter>
    </ClCompile>
    <ClCompile Include="Pawn.cpp">
      <Filter>Fichiers sources\Engine\Actor</Filter>
    </ClCompile>
    <ClCompile Include="KeyStruct.cpp">
      <Filter>Fichiers sources\Engine\SceneManager\Engine</Filter>
    </ClCompile>
    <ClCompile Include="Scene.cpp">
      <Filter>Fichiers sources\Engine\SceneManager\Engine</Filter>
    </ClCompile>
    <ClCompile Include="SceneManager.cpp">
      <Filter>Fichiers sources\Engine\SceneManager\Engine</Filter>
    </ClCompile>
    <ClCompile Include="EngineLevel.cpp">
      <Filter>Fichiers sources\Engine\SceneManager\Level</Filter>
    </ClCompile>
    <ClCompile Include="LevelLoader.cpp">
      <Filter>Fichiers sources\Engine\LevelEditor</Filter>
    </ClCompile>
    <ClCompile Include="PlayerEX.cpp">
      <Filter>Fichiers sources\Game</Filter>
    </ClCompile>
    <ClCompile Include="BGstatic.cpp">
      <Filter>Fichiers sources</Filter>
    </ClCompile>
  </ItemGroup>
  <ItemGroup>
    <ClInclude Include="Camera.h">
      <Filter>Fichiers d%27en-tête\Engine\Actor</Filter>
    </ClInclude>
    <ClInclude Include="Collider.h">
      <Filter>Fichiers d%27en-tête\Engine\Actor</Filter>
    </ClInclude>
    <ClInclude Include="Pawn.h">
      <Filter>Fichiers d%27en-tête\Engine\Actor</Filter>
    </ClInclude>
    <ClInclude Include="KeyStruct.h">
      <Filter>Fichiers d%27en-tête\Engine\SceneManager\Engine</Filter>
    </ClInclude>
    <ClInclude Include="SceneManager.h">
      <Filter>Fichiers d%27en-tête\Engine\SceneManager\Engine</Filter>
    </ClInclude>
    <ClInclude Include="Scene.h">
      <Filter>Fichiers d%27en-tête\Engine\SceneManager\Engine</Filter>
    </ClInclude>
    <ClInclude Include="EngineLevel.h">
      <Filter>Fichiers d%27en-tête\Engine\SceneManager\Level</Filter>
    </ClInclude>
    <ClInclude Include="LevelLoader.h">
      <Filter>Fichiers d%27en-tête\Engine\LevelEditor</Filter>
    </ClInclude>
    <ClInclude Include="PlayerEX.h">
      <Filter>Fichiers d%27en-tête\Game</Filter>
    </ClInclude>
    <ClInclude Include="BGstatic.h">
      <Filter>Fichiers d%27en-tête</Filter>
    </ClInclude>
  </ItemGroup>
</Project>